# This file is auto-generated by cowork. Do not edit manually.

version = 1

[[package]]
name = "m07-concurrency"
version = "20260508.234109"
source = "dev"
scope = "global"
type = "symlink"
install_path = "/home/martijn/.claude/skills/m07-concurrency"
source_path = "/home/martijn/.cowork/repos/rust-skills/skills/m07-concurrency"
installed_at = "2026-05-08T23:41:09.173221609Z"
updated_at = "2026-05-08T23:41:09.173221609Z"
enabled = true
